<?xml version="1.0" encoding="utf-8"?>
<Project ToolsVersion="4.0" xmlns="http://schemas.microsoft.com/developer/msbuild/2003">
  <ItemGroup>
    <Filter Include="Aperture">
      <UniqueIdentifier>{4D79CE19-3946-2925-625F-17CD4E8B5EB3}</UniqueIdentifier>
    </Filter>
  </ItemGroup>
  <ItemGroup>
    <ClInclude Include="src\Aperture.h" />
    <ClInclude Include="src\Aperture\Application.h">
      <Filter>Aperture</Filter>
    </ClInclude>
    <ClInclude Include="src\Aperture\Core.h">
      <Filter>Aperture</Filter>
    </ClInclude>
    <ClInclude Include="src\Aperture\EntryPoint.h">
      <Filter>Aperture</Filter>
    </ClInclude>
    <ClInclude Include="src\Aperture\Log.h">
      <Filter>Aperture</Filter>
    </ClInclude>
  </ItemGroup>
  <ItemGroup>
    <ClCompile Include="src\Aperture\Application.cpp">
      <Filter>Aperture</Filter>
    </ClCompile>
    <ClCompile Include="src\Aperture\Log.cpp">
      <Filter>Aperture</Filter>
    </ClCompile>
  </ItemGroup>
</Project>